
Microsoft Visual Studio Solution File, Format Version 10.00
# Visual Studio 2008
Project("{FAE04EC0-301F-11D3-BF4B-00C04F79EFBC}") = "FirstLayout", "FirstLayout\FirstLayout.csproj", "{6C9B0EA1-A090-484D-8BAC-EA84E784535E}"
EndProject
Global
	GlobalSection(SolutionConfigurationPlatforms) = preSolution
		Debug|Any CPU = Debug|Any CPU
		Release|Any CPU = Release|Any CPU
	EndGlobalSection
	GlobalSection(ProjectConfigurationPlatforms) = postSolution
		{6C9B0EA1-A090-484D-8BAC-EA84E784535E}.Debug|Any CPU.ActiveCfg = Debug|Any CPU
		{6C9B0EA1-A090-484D-8BAC-EA84E784535E}.Debug|Any CPU.Build.0 = Debug|Any CPU
		{6C9B0EA1-A090-484D-8BAC-EA84E784535E}.Release|Any CPU.ActiveCfg = Release|Any CPU
		{6C9B0EA1-A090-484D-8BAC-EA84E784535E}.Release|Any CPU.Build.0 = Release|Any CPU
	EndGlobalSection
	GlobalSection(SolutionProperties) = preSolution
		HideSolutionNode = FALSE
	EndGlobalSection
EndGlobal
