
Microsoft Visual Studio Solution File, Format Version 12.00
# Visual Studio 2012
Project("{8BC9CEB8-8B4A-11D0-8D11-00A0C91BC942}") = "0325", "0325\0325.vcxproj", "{DF844FE9-0821-433B-B409-16AF9BC5CBC6}"
EndProject
Global
	GlobalSection(SolutionConfigurationPlatforms) = preSolution
		Debug|Win32 = Debug|Win32
		Release|Win32 = Release|Win32
	EndGlobalSection
	GlobalSection(ProjectConfigurationPlatforms) = postSolution
		{DF844FE9-0821-433B-B409-16AF9BC5CBC6}.Debug|Win32.ActiveCfg = Debug|Win32
		{DF844FE9-0821-433B-B409-16AF9BC5CBC6}.Debug|Win32.Build.0 = Debug|Win32
		{DF844FE9-0821-433B-B409-16AF9BC5CBC6}.Release|Win32.ActiveCfg = Release|Win32
		{DF844FE9-0821-433B-B409-16AF9BC5CBC6}.Release|Win32.Build.0 = Release|Win32
	EndGlobalSection
	GlobalSection(SolutionProperties) = preSolution
		HideSolutionNode = FALSE
	EndGlobalSection
EndGlobal
