
Microsoft Visual Studio Solution File, Format Version 10.00
# Visual Studio 2008
Project("{FAE04EC0-301F-11D3-BF4B-00C04F79EFBC}") = "PrintingDemo", "PrintingDemo\PrintingDemo.csproj", "{C780D311-9C4D-44A0-8EA3-BD1F122534AC}"
EndProject
Global
	GlobalSection(SolutionConfigurationPlatforms) = preSolution
		Debug|Any CPU = Debug|Any CPU
		Release|Any CPU = Release|Any CPU
	EndGlobalSection
	GlobalSection(ProjectConfigurationPlatforms) = postSolution
		{C780D311-9C4D-44A0-8EA3-BD1F122534AC}.Debug|Any CPU.ActiveCfg = Debug|Any CPU
		{C780D311-9C4D-44A0-8EA3-BD1F122534AC}.Debug|Any CPU.Build.0 = Debug|Any CPU
		{C780D311-9C4D-44A0-8EA3-BD1F122534AC}.Release|Any CPU.ActiveCfg = Release|Any CPU
		{C780D311-9C4D-44A0-8EA3-BD1F122534AC}.Release|Any CPU.Build.0 = Release|Any CPU
	EndGlobalSection
	GlobalSection(SolutionProperties) = preSolution
		HideSolutionNode = FALSE
	EndGlobalSection
EndGlobal
