
Microsoft Visual Studio Solution File, Format Version 12.00
# Visual Studio 2012
Project("{8BC9CEB8-8B4A-11D0-8D11-00A0C91BC942}") = "상태바2", "상태바2.vcxproj", "{4BD7F8B9-46A3-4AA4-A9FC-584104FA347D}"
EndProject
Global
	GlobalSection(SolutionConfigurationPlatforms) = preSolution
		Debug|Win32 = Debug|Win32
		Release|Win32 = Release|Win32
	EndGlobalSection
	GlobalSection(ProjectConfigurationPlatforms) = postSolution
		{4BD7F8B9-46A3-4AA4-A9FC-584104FA347D}.Debug|Win32.ActiveCfg = Debug|Win32
		{4BD7F8B9-46A3-4AA4-A9FC-584104FA347D}.Debug|Win32.Build.0 = Debug|Win32
		{4BD7F8B9-46A3-4AA4-A9FC-584104FA347D}.Release|Win32.ActiveCfg = Release|Win32
		{4BD7F8B9-46A3-4AA4-A9FC-584104FA347D}.Release|Win32.Build.0 = Release|Win32
	EndGlobalSection
	GlobalSection(SolutionProperties) = preSolution
		HideSolutionNode = FALSE
	EndGlobalSection
EndGlobal
