
Microsoft Visual Studio Solution File, Format Version 12.00
# Visual Studio 2012
Project("{8BC9CEB8-8B4A-11D0-8D11-00A0C91BC942}") = "Sample", "Sample.vcxproj", "{571A7292-3A8B-4E8D-B06F-83E685662EA4}"
EndProject
Global
	GlobalSection(SolutionConfigurationPlatforms) = preSolution
		Debug|Win32 = Debug|Win32
		Release|Win32 = Release|Win32
	EndGlobalSection
	GlobalSection(ProjectConfigurationPlatforms) = postSolution
		{571A7292-3A8B-4E8D-B06F-83E685662EA4}.Debug|Win32.ActiveCfg = Debug|Win32
		{571A7292-3A8B-4E8D-B06F-83E685662EA4}.Debug|Win32.Build.0 = Debug|Win32
		{571A7292-3A8B-4E8D-B06F-83E685662EA4}.Release|Win32.ActiveCfg = Release|Win32
		{571A7292-3A8B-4E8D-B06F-83E685662EA4}.Release|Win32.Build.0 = Release|Win32
	EndGlobalSection
	GlobalSection(SolutionProperties) = preSolution
		HideSolutionNode = FALSE
	EndGlobalSection
EndGlobal
