
Microsoft Visual Studio Solution File, Format Version 12.00
# Visual Studio 2012
Project("{8BC9CEB8-8B4A-11D0-8D11-00A0C91BC942}") = "WmPaintTest", "WmPaintTest.vcxproj", "{5A77D88C-1084-427E-8972-E6FB09790BBE}"
EndProject
Global
	GlobalSection(SolutionConfigurationPlatforms) = preSolution
		Debug|Win32 = Debug|Win32
		Release|Win32 = Release|Win32
	EndGlobalSection
	GlobalSection(ProjectConfigurationPlatforms) = postSolution
		{5A77D88C-1084-427E-8972-E6FB09790BBE}.Debug|Win32.ActiveCfg = Debug|Win32
		{5A77D88C-1084-427E-8972-E6FB09790BBE}.Debug|Win32.Build.0 = Debug|Win32
		{5A77D88C-1084-427E-8972-E6FB09790BBE}.Release|Win32.ActiveCfg = Release|Win32
		{5A77D88C-1084-427E-8972-E6FB09790BBE}.Release|Win32.Build.0 = Release|Win32
	EndGlobalSection
	GlobalSection(SolutionProperties) = preSolution
		HideSolutionNode = FALSE
	EndGlobalSection
EndGlobal
