
Microsoft Visual Studio Solution File, Format Version 10.00
# Visual Studio 2008
Project("{FAE04EC0-301F-11D3-BF4B-00C04F79EFBC}") = "PenCap", "PenCap\PenCap.csproj", "{9138EC08-CE9F-4B2B-8FB4-F72480E4B479}"
EndProject
Global
	GlobalSection(SolutionConfigurationPlatforms) = preSolution
		Debug|Any CPU = Debug|Any CPU
		Release|Any CPU = Release|Any CPU
	EndGlobalSection
	GlobalSection(ProjectConfigurationPlatforms) = postSolution
		{9138EC08-CE9F-4B2B-8FB4-F72480E4B479}.Debug|Any CPU.ActiveCfg = Debug|Any CPU
		{9138EC08-CE9F-4B2B-8FB4-F72480E4B479}.Debug|Any CPU.Build.0 = Debug|Any CPU
		{9138EC08-CE9F-4B2B-8FB4-F72480E4B479}.Release|Any CPU.ActiveCfg = Release|Any CPU
		{9138EC08-CE9F-4B2B-8FB4-F72480E4B479}.Release|Any CPU.Build.0 = Release|Any CPU
	EndGlobalSection
	GlobalSection(SolutionProperties) = preSolution
		HideSolutionNode = FALSE
	EndGlobalSection
EndGlobal
