
Microsoft Visual Studio Solution File, Format Version 10.00
# Visual Studio 2008
Project("{FAE04EC0-301F-11D3-BF4B-00C04F79EFBC}") = "AnnotationDemo", "AnnotationDemo\AnnotationDemo.csproj", "{BE34557F-89D5-48A7-8E1B-01AF0C5FA146}"
EndProject
Global
	GlobalSection(SolutionConfigurationPlatforms) = preSolution
		Debug|Any CPU = Debug|Any CPU
		Release|Any CPU = Release|Any CPU
	EndGlobalSection
	GlobalSection(ProjectConfigurationPlatforms) = postSolution
		{BE34557F-89D5-48A7-8E1B-01AF0C5FA146}.Debug|Any CPU.ActiveCfg = Debug|Any CPU
		{BE34557F-89D5-48A7-8E1B-01AF0C5FA146}.Debug|Any CPU.Build.0 = Debug|Any CPU
		{BE34557F-89D5-48A7-8E1B-01AF0C5FA146}.Release|Any CPU.ActiveCfg = Release|Any CPU
		{BE34557F-89D5-48A7-8E1B-01AF0C5FA146}.Release|Any CPU.Build.0 = Release|Any CPU
	EndGlobalSection
	GlobalSection(SolutionProperties) = preSolution
		HideSolutionNode = FALSE
	EndGlobalSection
EndGlobal
