
Microsoft Visual Studio Solution File, Format Version 12.00
# Visual Studio 2012
Project("{8BC9CEB8-8B4A-11D0-8D11-00A0C91BC942}") = "상태바3", "상태바3.vcxproj", "{969110B5-E9BB-46AD-9007-6934CDE99E1A}"
EndProject
Global
	GlobalSection(SolutionConfigurationPlatforms) = preSolution
		Debug|Win32 = Debug|Win32
		Release|Win32 = Release|Win32
	EndGlobalSection
	GlobalSection(ProjectConfigurationPlatforms) = postSolution
		{969110B5-E9BB-46AD-9007-6934CDE99E1A}.Debug|Win32.ActiveCfg = Debug|Win32
		{969110B5-E9BB-46AD-9007-6934CDE99E1A}.Debug|Win32.Build.0 = Debug|Win32
		{969110B5-E9BB-46AD-9007-6934CDE99E1A}.Release|Win32.ActiveCfg = Release|Win32
		{969110B5-E9BB-46AD-9007-6934CDE99E1A}.Release|Win32.Build.0 = Release|Win32
	EndGlobalSection
	GlobalSection(SolutionProperties) = preSolution
		HideSolutionNode = FALSE
	EndGlobalSection
EndGlobal
