
Microsoft Visual Studio Solution File, Format Version 10.00
# Visual Studio 2008
Project("{FAE04EC0-301F-11D3-BF4B-00C04F79EFBC}") = "CustomDash", "CustomDash\CustomDash.csproj", "{ACC89922-92EC-443E-9CE1-0DB86A61875B}"
EndProject
Global
	GlobalSection(SolutionConfigurationPlatforms) = preSolution
		Debug|Any CPU = Debug|Any CPU
		Release|Any CPU = Release|Any CPU
	EndGlobalSection
	GlobalSection(ProjectConfigurationPlatforms) = postSolution
		{ACC89922-92EC-443E-9CE1-0DB86A61875B}.Debug|Any CPU.ActiveCfg = Debug|Any CPU
		{ACC89922-92EC-443E-9CE1-0DB86A61875B}.Debug|Any CPU.Build.0 = Debug|Any CPU
		{ACC89922-92EC-443E-9CE1-0DB86A61875B}.Release|Any CPU.ActiveCfg = Release|Any CPU
		{ACC89922-92EC-443E-9CE1-0DB86A61875B}.Release|Any CPU.Build.0 = Release|Any CPU
	EndGlobalSection
	GlobalSection(SolutionProperties) = preSolution
		HideSolutionNode = FALSE
	EndGlobalSection
EndGlobal
