
Microsoft Visual Studio Solution File, Format Version 12.00
# Visual Studio 2012
Project("{FAE04EC0-301F-11D3-BF4B-00C04F79EFBC}") = "0502_UseCal", "0502_UseCal\0502_UseCal.csproj", "{895F8AA3-7391-4308-B2F7-F3D01389504F}"
EndProject
Global
	GlobalSection(SolutionConfigurationPlatforms) = preSolution
		Debug|Any CPU = Debug|Any CPU
		Release|Any CPU = Release|Any CPU
	EndGlobalSection
	GlobalSection(ProjectConfigurationPlatforms) = postSolution
		{895F8AA3-7391-4308-B2F7-F3D01389504F}.Debug|Any CPU.ActiveCfg = Debug|Any CPU
		{895F8AA3-7391-4308-B2F7-F3D01389504F}.Debug|Any CPU.Build.0 = Debug|Any CPU
		{895F8AA3-7391-4308-B2F7-F3D01389504F}.Release|Any CPU.ActiveCfg = Release|Any CPU
		{895F8AA3-7391-4308-B2F7-F3D01389504F}.Release|Any CPU.Build.0 = Release|Any CPU
	EndGlobalSection
	GlobalSection(SolutionProperties) = preSolution
		HideSolutionNode = FALSE
	EndGlobalSection
EndGlobal
