
Microsoft Visual Studio Solution File, Format Version 10.00
# Visual Studio 2008
Project("{FAE04EC0-301F-11D3-BF4B-00C04F79EFBC}") = "BuildDemo", "BuildDemo\BuildDemo.csproj", "{A63556E0-610C-4886-89CF-F378E4A8DBED}"
EndProject
Global
	GlobalSection(SolutionConfigurationPlatforms) = preSolution
		Debug|Any CPU = Debug|Any CPU
		Release|Any CPU = Release|Any CPU
	EndGlobalSection
	GlobalSection(ProjectConfigurationPlatforms) = postSolution
		{A63556E0-610C-4886-89CF-F378E4A8DBED}.Debug|Any CPU.ActiveCfg = Debug|Any CPU
		{A63556E0-610C-4886-89CF-F378E4A8DBED}.Debug|Any CPU.Build.0 = Debug|Any CPU
		{A63556E0-610C-4886-89CF-F378E4A8DBED}.Release|Any CPU.ActiveCfg = Release|Any CPU
		{A63556E0-610C-4886-89CF-F378E4A8DBED}.Release|Any CPU.Build.0 = Release|Any CPU
	EndGlobalSection
	GlobalSection(SolutionProperties) = preSolution
		HideSolutionNode = FALSE
	EndGlobalSection
EndGlobal
